
Microsoft Visual Studio Solution File, Format Version 12.00
# Visual Studio Version 17
VisualStudioVersion = 17.0.31903.59
MinimumVisualStudioVersion = 10.0.40219.1
Project("{2150E333-8FDC-42A3-9474-1A3956D46DE8}") = "src", "src", "{DDA40BD9-E595-4605-8A08-EC6AF7D64326}"
EndProject
Project("{FAE04EC0-301F-11D3-BF4B-00C04F79EFBC}") = "AuctionService", "src\AuctionService\AuctionService.csproj", "{1E7BC238-0C96-472D-9F9D-5E8951A5C05F}"
EndProject
Project("{FAE04EC0-301F-11D3-BF4B-00C04F79EFBC}") = "SearchService", "src\SearchService\SearchService.csproj", "{420CD27A-1BD8-4510-85CB-C53A74F5B893}"
EndProject
Project("{FAE04EC0-301F-11D3-BF4B-00C04F79EFBC}") = "Contracts", "src\Contracts\Contracts.csproj", "{A52CCA11-06C8-4E7C-BCB0-3F57AFDE7624}"
EndProject
Project("{FAE04EC0-301F-11D3-BF4B-00C04F79EFBC}") = "IdentityService", "src\IdentityService\IdentityService.csproj", "{E5009574-37EE-4874-A76B-2A872C500FBE}"
EndProject
Project("{FAE04EC0-301F-11D3-BF4B-00C04F79EFBC}") = "GatewayService", "src\GatewayService\GatewayService.csproj", "{F5A9BF9B-BE08-46F6-88DE-2E0114669BEA}"
EndProject
Global
	GlobalSection(SolutionConfigurationPlatforms) = preSolution
		Debug|Any CPU = Debug|Any CPU
		Release|Any CPU = Release|Any CPU
	EndGlobalSection
	GlobalSection(SolutionProperties) = preSolution
		HideSolutionNode = FALSE
	EndGlobalSection
	GlobalSection(ProjectConfigurationPlatforms) = postSolution
		{1E7BC238-0C96-472D-9F9D-5E8951A5C05F}.Debug|Any CPU.ActiveCfg = Debug|Any CPU
		{1E7BC238-0C96-472D-9F9D-5E8951A5C05F}.Debug|Any CPU.Build.0 = Debug|Any CPU
		{1E7BC238-0C96-472D-9F9D-5E8951A5C05F}.Release|Any CPU.ActiveCfg = Release|Any CPU
		{1E7BC238-0C96-472D-9F9D-5E8951A5C05F}.Release|Any CPU.Build.0 = Release|Any CPU
		{420CD27A-1BD8-4510-85CB-C53A74F5B893}.Debug|Any CPU.ActiveCfg = Debug|Any CPU
		{420CD27A-1BD8-4510-85CB-C53A74F5B893}.Debug|Any CPU.Build.0 = Debug|Any CPU
		{420CD27A-1BD8-4510-85CB-C53A74F5B893}.Release|Any CPU.ActiveCfg = Release|Any CPU
		{420CD27A-1BD8-4510-85CB-C53A74F5B893}.Release|Any CPU.Build.0 = Release|Any CPU
		{A52CCA11-06C8-4E7C-BCB0-3F57AFDE7624}.Debug|Any CPU.ActiveCfg = Debug|Any CPU
		{A52CCA11-06C8-4E7C-BCB0-3F57AFDE7624}.Debug|Any CPU.Build.0 = Debug|Any CPU
		{A52CCA11-06C8-4E7C-BCB0-3F57AFDE7624}.Release|Any CPU.ActiveCfg = Release|Any CPU
		{A52CCA11-06C8-4E7C-BCB0-3F57AFDE7624}.Release|Any CPU.Build.0 = Release|Any CPU
		{E5009574-37EE-4874-A76B-2A872C500FBE}.Debug|Any CPU.ActiveCfg = Debug|Any CPU
		{E5009574-37EE-4874-A76B-2A872C500FBE}.Debug|Any CPU.Build.0 = Debug|Any CPU
		{E5009574-37EE-4874-A76B-2A872C500FBE}.Release|Any CPU.ActiveCfg = Release|Any CPU
		{E5009574-37EE-4874-A76B-2A872C500FBE}.Release|Any CPU.Build.0 = Release|Any CPU
		{F5A9BF9B-BE08-46F6-88DE-2E0114669BEA}.Debug|Any CPU.ActiveCfg = Debug|Any CPU
		{F5A9BF9B-BE08-46F6-88DE-2E0114669BEA}.Debug|Any CPU.Build.0 = Debug|Any CPU
		{F5A9BF9B-BE08-46F6-88DE-2E0114669BEA}.Release|Any CPU.ActiveCfg = Release|Any CPU
		{F5A9BF9B-BE08-46F6-88DE-2E0114669BEA}.Release|Any CPU.Build.0 = Release|Any CPU
	EndGlobalSection
	GlobalSection(NestedProjects) = preSolution
		{1E7BC238-0C96-472D-9F9D-5E8951A5C05F} = {DDA40BD9-E595-4605-8A08-EC6AF7D64326}
		{420CD27A-1BD8-4510-85CB-C53A74F5B893} = {DDA40BD9-E595-4605-8A08-EC6AF7D64326}
		{A52CCA11-06C8-4E7C-BCB0-3F57AFDE7624} = {DDA40BD9-E595-4605-8A08-EC6AF7D64326}
		{E5009574-37EE-4874-A76B-2A872C500FBE} = {DDA40BD9-E595-4605-8A08-EC6AF7D64326}
		{F5A9BF9B-BE08-46F6-88DE-2E0114669BEA} = {DDA40BD9-E595-4605-8A08-EC6AF7D64326}
	EndGlobalSection
EndGlobal
